
Microsoft Visual Studio Solution File, Format Version 12.00
Project("{FAE04EC0-301F-11D3-BF4B-00C04F79EFBC}") = "SnakesLadders", "SnakesLadders\SnakesLadders.csproj", "{BD237417-927D-4E92-92B4-342C49152F38}"
EndProject
Project("{2150E333-8FDC-42A3-9474-1A3956D46DE8}") = "Solution Items", "Solution Items", "{AFE4BB9A-9A26-4FDC-AED6-6750511894BA}"
	ProjectSection(SolutionItems) = preProject
		compose.yaml = compose.yaml
		IMPLEMENTATION_PLAN.md = IMPLEMENTATION_PLAN.md
	EndProjectSection
EndProject
Global
	GlobalSection(SolutionConfigurationPlatforms) = preSolution
		Debug|Any CPU = Debug|Any CPU
		Release|Any CPU = Release|Any CPU
	EndGlobalSection
	GlobalSection(ProjectConfigurationPlatforms) = postSolution
		{BD237417-927D-4E92-92B4-342C49152F38}.Debug|Any CPU.ActiveCfg = Debug|Any CPU
		{BD237417-927D-4E92-92B4-342C49152F38}.Debug|Any CPU.Build.0 = Debug|Any CPU
		{BD237417-927D-4E92-92B4-342C49152F38}.Release|Any CPU.ActiveCfg = Release|Any CPU
		{BD237417-927D-4E92-92B4-342C49152F38}.Release|Any CPU.Build.0 = Release|Any CPU
	EndGlobalSection
EndGlobal
